
Microsoft Visual Studio Solution File, Format Version 12.00
# Visual Studio Version 16
VisualStudioVersion = 16.0.30804.86
MinimumVisualStudioVersion = 10.0.40219.1
Project("{9A19103F-16F7-4668-BE54-9A1E7A4F7556}") = "DelegateFunc", "DelegateFunc.csproj", "{0D298219-1767-4E83-84AC-C20E92F4224E}"
EndProject
Project("{9A19103F-16F7-4668-BE54-9A1E7A4F7556}") = "DelegateFacts", "..\DelegateFacts\DelegateFacts.csproj", "{66F7EC56-BF35-4F4F-858E-4B78C2A7FA7B}"
EndProject
Global
	GlobalSection(SolutionConfigurationPlatforms) = preSolution
		Debug|Any CPU = Debug|Any CPU
		Release|Any CPU = Release|Any CPU
	EndGlobalSection
	GlobalSection(ProjectConfigurationPlatforms) = postSolution
		{0D298219-1767-4E83-84AC-C20E92F4224E}.Debug|Any CPU.ActiveCfg = Debug|Any CPU
		{0D298219-1767-4E83-84AC-C20E92F4224E}.Debug|Any CPU.Build.0 = Debug|Any CPU
		{0D298219-1767-4E83-84AC-C20E92F4224E}.Release|Any CPU.ActiveCfg = Release|Any CPU
		{0D298219-1767-4E83-84AC-C20E92F4224E}.Release|Any CPU.Build.0 = Release|Any CPU
		{66F7EC56-BF35-4F4F-858E-4B78C2A7FA7B}.Debug|Any CPU.ActiveCfg = Debug|Any CPU
		{66F7EC56-BF35-4F4F-858E-4B78C2A7FA7B}.Debug|Any CPU.Build.0 = Debug|Any CPU
		{66F7EC56-BF35-4F4F-858E-4B78C2A7FA7B}.Release|Any CPU.ActiveCfg = Release|Any CPU
		{66F7EC56-BF35-4F4F-858E-4B78C2A7FA7B}.Release|Any CPU.Build.0 = Release|Any CPU
	EndGlobalSection
	GlobalSection(SolutionProperties) = preSolution
		HideSolutionNode = FALSE
	EndGlobalSection
	GlobalSection(ExtensibilityGlobals) = postSolution
		SolutionGuid = {5CD90D7A-2FA7-4708-AC5D-F9082E1D4389}
	EndGlobalSection
EndGlobal
