
Microsoft Visual Studio Solution File, Format Version 12.00
# Visual Studio Version 16
VisualStudioVersion = 16.0.30804.86
MinimumVisualStudioVersion = 10.0.40219.1
Project("{FAE04EC0-301F-11D3-BF4B-00C04F79EFBC}") = "IntArray", "IntArray.csproj", "{58DE9F87-9119-4E77-916A-636596BDA9B9}"
EndProject
Project("{FAE04EC0-301F-11D3-BF4B-00C04F79EFBC}") = "IntArrayFacts", "..\IntArrayFacts\IntArrayFacts.csproj", "{0955322E-25DD-4619-BAAA-61061F6B1616}"
EndProject
Global
	GlobalSection(SolutionConfigurationPlatforms) = preSolution
		Debug|Any CPU = Debug|Any CPU
		Release|Any CPU = Release|Any CPU
	EndGlobalSection
	GlobalSection(ProjectConfigurationPlatforms) = postSolution
		{58DE9F87-9119-4E77-916A-636596BDA9B9}.Debug|Any CPU.ActiveCfg = Debug|Any CPU
		{58DE9F87-9119-4E77-916A-636596BDA9B9}.Debug|Any CPU.Build.0 = Debug|Any CPU
		{58DE9F87-9119-4E77-916A-636596BDA9B9}.Release|Any CPU.ActiveCfg = Release|Any CPU
		{58DE9F87-9119-4E77-916A-636596BDA9B9}.Release|Any CPU.Build.0 = Release|Any CPU
		{0955322E-25DD-4619-BAAA-61061F6B1616}.Debug|Any CPU.ActiveCfg = Debug|Any CPU
		{0955322E-25DD-4619-BAAA-61061F6B1616}.Debug|Any CPU.Build.0 = Debug|Any CPU
		{0955322E-25DD-4619-BAAA-61061F6B1616}.Release|Any CPU.ActiveCfg = Release|Any CPU
		{0955322E-25DD-4619-BAAA-61061F6B1616}.Release|Any CPU.Build.0 = Release|Any CPU
	EndGlobalSection
	GlobalSection(SolutionProperties) = preSolution
		HideSolutionNode = FALSE
	EndGlobalSection
	GlobalSection(ExtensibilityGlobals) = postSolution
		SolutionGuid = {93874506-23B6-4A51-8732-3996392CD106}
	EndGlobalSection
EndGlobal
